// !$*UTF8*$!
{
	archiveVersion = 1;
	classes = {
	};
	objectVersion = 46;
	objects = {

/* Begin PBXBuildFile section */
		00A619431A64C747008E2C5D /* main.m in Sources */ = {isa = PBXBuildFile; fileRef = 00A619421A64C747008E2C5D /* main.m */; };
		00A619461A64C747008E2C5D /* AppDelegate.m in Sources */ = {isa = PBXBuildFile; fileRef = 00A619451A64C747008E2C5D /* AppDelegate.m */; };
		00A619491A64C747008E2C5D /* MasterViewController.m in Sources */ = {isa = PBXBuildFile; fileRef = 00A619481A64C747008E2C5D /* MasterViewController.m */; };
		00A6194C1A64C747008E2C5D /* DetailViewController.m in Sources */ = {isa = PBXBuildFile; fileRef = 00A6194B1A64C747008E2C5D /* DetailViewController.m */; };
		00A6194F1A64C747008E2C5D /* Main.storyboard in Resources */ = {isa = PBXBuildFile; fileRef = 00A6194D1A64C747008E2C5D /* Main.storyboard */; };
		00A619511A64C747008E2C5D /* Images.xcassets in Resources */ = {isa = PBXBuildFile; fileRef = 00A619501A64C747008E2C5D /* Images.xcassets */; };
		00A619541A64C747008E2C5D /* LaunchScreen.xib in Resources */ = {isa = PBXBuildFile; fileRef = 00A619521A64C747008E2C5D /* LaunchScreen.xib */; };
		00A619601A64C747008E2C5D /* NavigationTests_1Tests.m in Sources */ = {isa = PBXBuildFile; fileRef = 00A6195F1A64C747008E2C5D /* NavigationTests_1Tests.m */; };
/* End PBXBuildFile section */

/* Begin PBXContainerItemProxy section */
		00A6195A1A64C747008E2C5D /* PBXContainerItemProxy */ = {
			isa = PBXContainerItemProxy;
			containerPortal = 00A619351A64C747008E2C5D /* Project object */;
			proxyType = 1;
			remoteGlobalIDString = 00A6193C1A64C747008E2C5D;
			remoteInfo = NavigationTests_1;
		};
/* End PBXContainerItemProxy section */

/* Begin PBXFileReference section */
		00A6193D1A64C747008E2C5D /* NavigationTests_1.app */ = {isa = PBXFileReference; explicitFileType = wrapper.application; includeInIndex = 0; path = NavigationTests_1.app; sourceTree = BUILT_PRODUCTS_DIR; };
		00A619411A64C747008E2C5D /* Info.plist */ = {isa = PBXFileReference; lastKnownFileType = text.plist.xml; path = Info.plist; sourceTree = "<group>"; };
		00A619421A64C747008E2C5D /* main.m */ = {isa = PBXFileReference; lastKnownFileType = sourcecode.c.objc; path = main.m; sourceTree = "<group>"; };
		00A619441A64C747008E2C5D /* AppDelegate.h */ = {isa = PBXFileReference; lastKnownFileType = sourcecode.c.h; path = AppDelegate.h; sourceTree = "<group>"; };
		00A619451A64C747008E2C5D /* AppDelegate.m */ = {isa = PBXFileReference; lastKnownFileType = sourcecode.c.objc; path = AppDelegate.m; sourceTree = "<group>"; };
		00A619471A64C747008E2C5D /* MasterViewController.h */ = {isa = PBXFileReference; lastKnownFileType = sourcecode.c.h; path = MasterViewController.h; sourceTree = "<group>"; };
		00A619481A64C747008E2C5D /* MasterViewController.m */ = {isa = PBXFileReference; lastKnownFileType = sourcecode.c.objc; path = MasterViewController.m; sourceTree = "<group>"; };
		00A6194A1A64C747008E2C5D /* DetailViewController.h */ = {isa = PBXFileReference; lastKnownFileType = sourcecode.c.h; path = DetailViewController.h; sourceTree = "<group>"; };
		00A6194B1A64C747008E2C5D /* DetailViewController.m */ = {isa = PBXFileReference; lastKnownFileType = sourcecode.c.objc; path = DetailViewController.m; sourceTree = "<group>"; };
		00A6194E1A64C747008E2C5D /* Base */ = {isa = PBXFileReference; lastKnownFileType = file.storyboard; name = Base; path = Base.lproj/Main.storyboard; sourceTree = "<group>"; };
		00A619501A64C747008E2C5D /* Images.xcassets */ = {isa = PBXFileReference; lastKnownFileType = folder.assetcatalog; path = Images.xcassets; sourceTree = "<group>"; };
		00A619531A64C747008E2C5D /* Base */ = {isa = PBXFileReference; lastKnownFileType = file.xib; name = Base; path = Base.lproj/LaunchScreen.xib; sourceTree = "<group>"; };
		00A619591A64C747008E2C5D /* NavigationTests_1Tests.xctest */ = {isa = PBXFileReference; explicitFileType = wrapper.cfbundle; includeInIndex = 0; path = NavigationTests_1Tests.xctest; sourceTree = BUILT_PRODUCTS_DIR; };
		00A6195E1A64C747008E2C5D /* Info.plist */ = {isa = PBXFileReference; lastKnownFileType = text.plist.xml; path = Info.plist; sourceTree = "<group>"; };
		00A6195F1A64C747008E2C5D /* NavigationTests_1Tests.m */ = {isa = PBXFileReference; lastKnownFileType = sourcecode.c.objc; path = NavigationTests_1Tests.m; sourceTree = "<group>"; };
/* End PBXFileReference section */

/* Begin PBXFrameworksBuildPhase section */
		00A6193A1A64C747008E2C5D /* Frameworks */ = {
			isa = PBXFrameworksBuildPhase;
			buildActionMask = 2147483647;
			files = (
			);
			runOnlyForDeploymentPostprocessing = 0;
		};
		00A619561A64C747008E2C5D /* Frameworks */ = {
			isa = PBXFrameworksBuildPhase;
			buildActionMask = 2147483647;
			files = (
			);
			runOnlyForDeploymentPostprocessing = 0;
		};
/* End PBXFrameworksBuildPhase section */

/* Begin PBXGroup section */
		00A619341A64C747008E2C5D = {
			isa = PBXGroup;
			children = (
				00A6193F1A64C747008E2C5D /* NavigationTests_1 */,
				00A6195C1A64C747008E2C5D /* NavigationTests_1Tests */,
				00A6193E1A64C747008E2C5D /* Products */,
			);
			sourceTree = "<group>";
		};
		00A6193E1A64C747008E2C5D /* Products */ = {
			isa = PBXGroup;
			children = (
				00A6193D1A64C747008E2C5D /* NavigationTests_1.app */,
				00A619591A64C747008E2C5D /* NavigationTests_1Tests.xctest */,
			);
			name = Products;
			sourceTree = "<group>";
		};
		00A6193F1A64C747008E2C5D /* NavigationTests_1 */ = {
			isa = PBXGroup;
			children = (
				00A619441A64C747008E2C5D /* AppDelegate.h */,
				00A619451A64C747008E2C5D /* AppDelegate.m */,
				00A619471A64C747008E2C5D /* MasterViewController.h */,
				00A619481A64C747008E2C5D /* MasterViewController.m */,
				00A6194A1A64C747008E2C5D /* DetailViewController.h */,
				00A6194B1A64C747008E2C5D /* DetailViewController.m */,
				00A6194D1A64C747008E2C5D /* Main.storyboard */,
				00A619501A64C747008E2C5D /* Images.xcassets */,
				00A619521A64C747008E2C5D /* LaunchScreen.xib */,
				00A619401A64C747008E2C5D /* Supporting Files */,
			);
			path = NavigationTests_1;
			sourceTree = "<group>";
		};
		00A619401A64C747008E2C5D /* Supporting Files */ = {
			isa = PBXGroup;
			children = (
				00A619411A64C747008E2C5D /* Info.plist */,
				00A619421A64C747008E2C5D /* main.m */,
			);
			name = "Supporting Files";
			sourceTree = "<group>";
		};
		00A6195C1A64C747008E2C5D /* NavigationTests_1Tests */ = {
			isa = PBXGroup;
			children = (
				00A6195F1A64C747008E2C5D /* NavigationTests_1Tests.m */,
				00A6195D1A64C747008E2C5D /* Supporting Files */,
			);
			path = NavigationTests_1Tests;
			sourceTree = "<group>";
		};
		00A6195D1A64C747008E2C5D /* Supporting Files */ = {
			isa = PBXGroup;
			children = (
				00A6195E1A64C747008E2C5D /* Info.plist */,
			);
			name = "Supporting Files";
			sourceTree = "<group>";
		};
/* End PBXGroup section */

/* Begin PBXNativeTarget section */
		00A6193C1A64C747008E2C5D /* NavigationTests_1 */ = {
			isa = PBXNativeTarget;
			buildConfigurationList = 00A619631A64C747008E2C5D /* Build configuration list for PBXNativeTarget "NavigationTests_1" */;
			buildPhases = (
				00A619391A64C747008E2C5D /* Sources */,
				00A6193A1A64C747008E2C5D /* Frameworks */,
				00A6193B1A64C747008E2C5D /* Resources */,
			);
			buildRules = (
			);
			dependencies = (
			);
			name = NavigationTests_1;
			productName = NavigationTests_1;
			productReference = 00A6193D1A64C747008E2C5D /* NavigationTests_1.app */;
			productType = "com.apple.product-type.application";
		};
		00A619581A64C747008E2C5D /* NavigationTests_1Tests */ = {
			isa = PBXNativeTarget;
			buildConfigurationList = 00A619661A64C747008E2C5D /* Build configuration list for PBXNativeTarget "NavigationTests_1Tests" */;
			buildPhases = (
				00A619551A64C747008E2C5D /* Sources */,
				00A619561A64C747008E2C5D /* Frameworks */,
				00A619571A64C747008E2C5D /* Resources */,
			);
			buildRules = (
			);
			dependencies = (
				00A6195B1A64C747008E2C5D /* PBXTargetDependency */,
			);
			name = NavigationTests_1Tests;
			productName = NavigationTests_1Tests;
			productReference = 00A619591A64C747008E2C5D /* NavigationTests_1Tests.xctest */;
			productType = "com.apple.product-type.bundle.unit-test";
		};
/* End PBXNativeTarget section */

/* Begin PBXProject section */
		00A619351A64C747008E2C5D /* Project object */ = {
			isa = PBXProject;
			attributes = {
				LastUpgradeCheck = 0610;
				ORGANIZATIONNAME = Kristyna;
				TargetAttributes = {
					00A6193C1A64C747008E2C5D = {
						CreatedOnToolsVersion = 6.1.1;
					};
					00A619581A64C747008E2C5D = {
						CreatedOnToolsVersion = 6.1.1;
						TestTargetID = 00A6193C1A64C747008E2C5D;
					};
				};
			};
			buildConfigurationList = 00A619381A64C747008E2C5D /* Build configuration list for PBXProject "NavigationTests_1" */;
			compatibilityVersion = "Xcode 3.2";
			developmentRegion = English;
			hasScannedForEncodings = 0;
			knownRegions = (
				en,
				Base,
			);
			mainGroup = 00A619341A64C747008E2C5D;
			productRefGroup = 00A6193E1A64C747008E2C5D /* Products */;
			projectDirPath = "";
			projectRoot = "";
			targets = (
				00A6193C1A64C747008E2C5D /* NavigationTests_1 */,
				00A619581A64C747008E2C5D /* NavigationTests_1Tests */,
			);
		};
/* End PBXProject section */

/* Begin PBXResourcesBuildPhase section */
		00A6193B1A64C747008E2C5D /* Resources */ = {
			isa = PBXResourcesBuildPhase;
			buildActionMask = 2147483647;
			files = (
				00A6194F1A64C747008E2C5D /* Main.storyboard in Resources */,
				00A619541A64C747008E2C5D /* LaunchScreen.xib in Resources */,
				00A619511A64C747008E2C5D /* Images.xcassets in Resources */,
			);
			runOnlyForDeploymentPostprocessing = 0;
		};
		00A619571A64C747008E2C5D /* Resources */ = {
			isa = PBXResourcesBuildPhase;
			buildActionMask = 2147483647;
			files = (
			);
			runOnlyForDeploymentPostprocessing = 0;
		};
/* End PBXResourcesBuildPhase section */

/* Begin PBXSourcesBuildPhase section */
		00A619391A64C747008E2C5D /* Sources */ = {
			isa = PBXSourcesBuildPhase;
			buildActionMask = 2147483647;
			files = (
				00A619461A64C747008E2C5D /* AppDelegate.m in Sources */,
				00A619491A64C747008E2C5D /* MasterViewController.m in Sources */,
				00A619431A64C747008E2C5D /* main.m in Sources */,
				00A6194C1A64C747008E2C5D /* DetailViewController.m in Sources */,
			);
			runOnlyForDeploymentPostprocessing = 0;
		};
		00A619551A64C747008E2C5D /* Sources */ = {
			isa = PBXSourcesBuildPhase;
			buildActionMask = 2147483647;
			files = (
				00A619601A64C747008E2C5D /* NavigationTests_1Tests.m in Sources */,
			);
			runOnlyForDeploymentPostprocessing = 0;
		};
/* End PBXSourcesBuildPhase section */

/* Begin PBXTargetDependency section */
		00A6195B1A64C747008E2C5D /* PBXTargetDependency */ = {
			isa = PBXTargetDependency;
			target = 00A6193C1A64C747008E2C5D /* NavigationTests_1 */;
			targetProxy = 00A6195A1A64C747008E2C5D /* PBXContainerItemProxy */;
		};
/* End PBXTargetDependency section */

/* Begin PBXVariantGroup section */
		00A6194D1A64C747008E2C5D /* Main.storyboard */ = {
			isa = PBXVariantGroup;
			children = (
				00A6194E1A64C747008E2C5D /* Base */,
			);
			name = Main.storyboard;
			sourceTree = "<group>";
		};
		00A619521A64C747008E2C5D /* LaunchScreen.xib */ = {
			isa = PBXVariantGroup;
			children = (
				00A619531A64C747008E2C5D /* Base */,
			);
			name = LaunchScreen.xib;
			sourceTree = "<group>";
		};
/* End PBXVariantGroup section */

/* Begin XCBuildConfiguration section */
		00A619611A64C747008E2C5D /* Debug */ = {
			isa = XCBuildConfiguration;
			buildSettings = {
				ALWAYS_SEARCH_USER_PATHS = NO;
				CLANG_CXX_LANGUAGE_STANDARD = "gnu++0x";
				CLANG_CXX_LIBRARY = "libc++";
				CLANG_ENABLE_MODULES = YES;
				CLANG_ENABLE_OBJC_ARC = YES;
				CLANG_WARN_BOOL_CONVERSION = YES;
				CLANG_WARN_CONSTANT_CONVERSION = YES;
				CLANG_WARN_DIRECT_OBJC_ISA_USAGE = YES_ERROR;
				CLANG_WARN_EMPTY_BODY = YES;
				CLANG_WARN_ENUM_CONVERSION = YES;
				CLANG_WARN_INT_CONVERSION = YES;
				CLANG_WARN_OBJC_ROOT_CLASS = YES_ERROR;
				CLANG_WARN_UNREACHABLE_CODE = YES;
				CLANG_WARN__DUPLICATE_METHOD_MATCH = YES;
				"CODE_SIGN_IDENTITY[sdk=iphoneos*]" = "iPhone Developer";
				COPY_PHASE_STRIP = NO;
				ENABLE_STRICT_OBJC_MSGSEND = YES;
				GCC_C_LANGUAGE_STANDARD = gnu99;
				GCC_DYNAMIC_NO_PIC = NO;
				GCC_OPTIMIZATION_LEVEL = 0;
				GCC_PREPROCESSOR_DEFINITIONS = (
					"DEBUG=1",
					"$(inherited)",
				);
				GCC_SYMBOLS_PRIVATE_EXTERN = NO;
				GCC_WARN_64_TO_32_BIT_CONVERSION = YES;
				GCC_WARN_ABOUT_RETURN_TYPE = YES_ERROR;
				GCC_WARN_UNDECLARED_SELECTOR = YES;
				GCC_WARN_UNINITIALIZED_AUTOS = YES_AGGRESSIVE;
				GCC_WARN_UNUSED_FUNCTION = YES;
				GCC_WARN_UNUSED_VARIABLE = YES;
				IPHONEOS_DEPLOYMENT_TARGET = 8.1;
				MTL_ENABLE_DEBUG_INFO = YES;
				ONLY_ACTIVE_ARCH = YES;
				SDKROOT = iphoneos;
			};
			name = Debug;
		};
		00A619621A64C747008E2C5D /* Release */ = {
			isa = XCBuildConfiguration;
			buildSettings = {
				ALWAYS_SEARCH_USER_PATHS = NO;
				CLANG_CXX_LANGUAGE_STANDARD = "gnu++0x";
				CLANG_CXX_LIBRARY = "libc++";
				CLANG_ENABLE_MODULES = YES;
				CLANG_ENABLE_OBJC_ARC = YES;
				CLANG_WARN_BOOL_CONVERSION = YES;
				CLANG_WARN_CONSTANT_CONVERSION = YES;
				CLANG_WARN_DIRECT_OBJC_ISA_USAGE = YES_ERROR;
				CLANG_WARN_EMPTY_BODY = YES;
				CLANG_WARN_ENUM_CONVERSION = YES;
				CLANG_WARN_INT_CONVERSION = YES;
				CLANG_WARN_OBJC_ROOT_CLASS = YES_ERROR;
				CLANG_WARN_UNREACHABLE_CODE = YES;
				CLANG_WARN__DUPLICATE_METHOD_MATCH = YES;
				"CODE_SIGN_IDENTITY[sdk=iphoneos*]" = "iPhone Developer";
				COPY_PHASE_STRIP = YES;
				ENABLE_NS_ASSERTIONS = NO;
				ENABLE_STRICT_OBJC_MSGSEND = YES;
				GCC_C_LANGUAGE_STANDARD = gnu99;
				GCC_WARN_64_TO_32_BIT_CONVERSION = YES;
				GCC_WARN_ABOUT_RETURN_TYPE = YES_ERROR;
				GCC_WARN_UNDECLARED_SELECTOR = YES;
				GCC_WARN_UNINITIALIZED_AUTOS = YES_AGGRESSIVE;
				GCC_WARN_UNUSED_FUNCTION = YES;
				GCC_WARN_UNUSED_VARIABLE = YES;
				IPHONEOS_DEPLOYMENT_TARGET = 8.1;
				MTL_ENABLE_DEBUG_INFO = NO;
				SDKROOT = iphoneos;
				VALIDATE_PRODUCT = YES;
			};
			name = Release;
		};
		00A619641A64C747008E2C5D /* Debug */ = {
			isa = XCBuildConfiguration;
			buildSettings = {
				ASSETCATALOG_COMPILER_APPICON_NAME = AppIcon;
				INFOPLIST_FILE = NavigationTests_1/Info.plist;
				LD_RUNPATH_SEARCH_PATHS = "$(inherited) @executable_path/Frameworks";
				PRODUCT_NAME = "$(TARGET_NAME)";
			};
			name = Debug;
		};
		00A619651A64C747008E2C5D /* Release */ = {
			isa = XCBuildConfiguration;
			buildSettings = {
				ASSETCATALOG_COMPILER_APPICON_NAME = AppIcon;
				INFOPLIST_FILE = NavigationTests_1/Info.plist;
				LD_RUNPATH_SEARCH_PATHS = "$(inherited) @executable_path/Frameworks";
				PRODUCT_NAME = "$(TARGET_NAME)";
			};
			name = Release;
		};
		00A619671A64C747008E2C5D /* Debug */ = {
			isa = XCBuildConfiguration;
			buildSettings = {
				BUNDLE_LOADER = "$(TEST_HOST)";
				FRAMEWORK_SEARCH_PATHS = (
					"$(SDKROOT)/Developer/Library/Frameworks",
					"$(inherited)",
				);
				GCC_PREPROCESSOR_DEFINITIONS = (
					"DEBUG=1",
					"$(inherited)",
				);
				INFOPLIST_FILE = NavigationTests_1Tests/Info.plist;
				LD_RUNPATH_SEARCH_PATHS = "$(inherited) @executable_path/Frameworks @loader_path/Frameworks";
				PRODUCT_NAME = "$(TARGET_NAME)";
				TEST_HOST = "$(BUILT_PRODUCTS_DIR)/NavigationTests_1.app/NavigationTests_1";
			};
			name = Debug;
		};
		00A619681A64C747008E2C5D /* Release */ = {
			isa = XCBuildConfiguration;
			buildSettings = {
				BUNDLE_LOADER = "$(TEST_HOST)";
				FRAMEWORK_SEARCH_PATHS = (
					"$(SDKROOT)/Developer/Library/Frameworks",
					"$(inherited)",
				);
				INFOPLIST_FILE = NavigationTests_1Tests/Info.plist;
				LD_RUNPATH_SEARCH_PATHS = "$(inherited) @executable_path/Frameworks @loader_path/Frameworks";
				PRODUCT_NAME = "$(TARGET_NAME)";
				TEST_HOST = "$(BUILT_PRODUCTS_DIR)/NavigationTests_1.app/NavigationTests_1";
			};
			name = Release;
		};
/* End XCBuildConfiguration section */

/* Begin XCConfigurationList section */
		00A619381A64C747008E2C5D /* Build configuration list for PBXProject "NavigationTests_1" */ = {
			isa = XCConfigurationList;
			buildConfigurations = (
				00A619611A64C747008E2C5D /* Debug */,
				00A619621A64C747008E2C5D /* Release */,
			);
			defaultConfigurationIsVisible = 0;
			defaultConfigurationName = Release;
		};
		00A619631A64C747008E2C5D /* Build configuration list for PBXNativeTarget "NavigationTests_1" */ = {
			isa = XCConfigurationList;
			buildConfigurations = (
				00A619641A64C747008E2C5D /* Debug */,
				00A619651A64C747008E2C5D /* Release */,
			);
			defaultConfigurationIsVisible = 0;
		};
		00A619661A64C747008E2C5D /* Build configuration list for PBXNativeTarget "NavigationTests_1Tests" */ = {
			isa = XCConfigurationList;
			buildConfigurations = (
				00A619671A64C747008E2C5D /* Debug */,
				00A619681A64C747008E2C5D /* Release */,
			);
			defaultConfigurationIsVisible = 0;
		};
/* End XCConfigurationList section */
	};
	rootObject = 00A619351A64C747008E2C5D /* Project object */;
}
